
Microsoft Visual Studio Solution File, Format Version 12.00
# Visual Studio Version 16
VisualStudioVersion = 16.0.31729.503
MinimumVisualStudioVersion = 10.0.40219.1
Project("{9A19103F-16F7-4668-BE54-9A1E7A4F7556}") = "test", "test\test.csproj", "{13253CE2-7B85-4099-A7F7-471730C7A32B}"
EndProject
Project("{FAE04EC0-301F-11D3-BF4B-00C04F79EFBC}") = "SW-sdk", "..\sw-sdk-dotnet-master\SW-sdk\SW-sdk.csproj", "{AF098077-A47A-4D9B-AFFC-2ABC12706465}"
EndProject
Project("{FAE04EC0-301F-11D3-BF4B-00C04F79EFBC}") = "SAT.Services", "..\sw-sdk-dotnet-master\SAT.Services\SAT.Services.csproj", "{58728355-476D-4F26-84DB-E8CC0E2C51A1}"
EndProject
Project("{FAE04EC0-301F-11D3-BF4B-00C04F79EFBC}") = "timbreConver", "timbre\timbreConver.csproj", "{0A6846BD-42EA-4A5D-870B-456B5C517C9D}"
EndProject
Project("{FAE04EC0-301F-11D3-BF4B-00C04F79EFBC}") = "ZWSSMART4", "ZWSSMART4\ZWSSMART4.csproj", "{F87B4E17-1300-4F3C-BCC3-DBE9C504DF80}"
EndProject
Global
	GlobalSection(SolutionConfigurationPlatforms) = preSolution
		Debug|Any CPU = Debug|Any CPU
		Release|Any CPU = Release|Any CPU
	EndGlobalSection
	GlobalSection(ProjectConfigurationPlatforms) = postSolution
		{13253CE2-7B85-4099-A7F7-471730C7A32B}.Debug|Any CPU.ActiveCfg = Debug|Any CPU
		{13253CE2-7B85-4099-A7F7-471730C7A32B}.Debug|Any CPU.Build.0 = Debug|Any CPU
		{13253CE2-7B85-4099-A7F7-471730C7A32B}.Release|Any CPU.ActiveCfg = Release|Any CPU
		{13253CE2-7B85-4099-A7F7-471730C7A32B}.Release|Any CPU.Build.0 = Release|Any CPU
		{AF098077-A47A-4D9B-AFFC-2ABC12706465}.Debug|Any CPU.ActiveCfg = Debug|Any CPU
		{AF098077-A47A-4D9B-AFFC-2ABC12706465}.Debug|Any CPU.Build.0 = Debug|Any CPU
		{AF098077-A47A-4D9B-AFFC-2ABC12706465}.Release|Any CPU.ActiveCfg = Release|Any CPU
		{AF098077-A47A-4D9B-AFFC-2ABC12706465}.Release|Any CPU.Build.0 = Release|Any CPU
		{58728355-476D-4F26-84DB-E8CC0E2C51A1}.Debug|Any CPU.ActiveCfg = Debug|Any CPU
		{58728355-476D-4F26-84DB-E8CC0E2C51A1}.Debug|Any CPU.Build.0 = Debug|Any CPU
		{58728355-476D-4F26-84DB-E8CC0E2C51A1}.Release|Any CPU.ActiveCfg = Release|Any CPU
		{58728355-476D-4F26-84DB-E8CC0E2C51A1}.Release|Any CPU.Build.0 = Release|Any CPU
		{0A6846BD-42EA-4A5D-870B-456B5C517C9D}.Debug|Any CPU.ActiveCfg = Debug|Any CPU
		{0A6846BD-42EA-4A5D-870B-456B5C517C9D}.Debug|Any CPU.Build.0 = Debug|Any CPU
		{0A6846BD-42EA-4A5D-870B-456B5C517C9D}.Release|Any CPU.ActiveCfg = Release|Any CPU
		{0A6846BD-42EA-4A5D-870B-456B5C517C9D}.Release|Any CPU.Build.0 = Release|Any CPU
		{F87B4E17-1300-4F3C-BCC3-DBE9C504DF80}.Debug|Any CPU.ActiveCfg = Debug|Any CPU
		{F87B4E17-1300-4F3C-BCC3-DBE9C504DF80}.Debug|Any CPU.Build.0 = Debug|Any CPU
		{F87B4E17-1300-4F3C-BCC3-DBE9C504DF80}.Release|Any CPU.ActiveCfg = Release|Any CPU
		{F87B4E17-1300-4F3C-BCC3-DBE9C504DF80}.Release|Any CPU.Build.0 = Release|Any CPU
	EndGlobalSection
	GlobalSection(SolutionProperties) = preSolution
		HideSolutionNode = FALSE
	EndGlobalSection
	GlobalSection(ExtensibilityGlobals) = postSolution
		SolutionGuid = {32CF8E51-5FF0-427D-A04A-169D0857DF66}
	EndGlobalSection
EndGlobal
